<?xml version="1.0" encoding="utf-8"?>
<Project ToolsVersion="4.0" xmlns="http://schemas.microsoft.com/developer/msbuild/2003">
  <ItemGroup>
    <ClInclude Include="IRenderer.h">
      <Filter>Interface</Filter>
    </ClInclude>
    <ClInclude Include="DXRenderer.h">
      <Filter>Renderer</Filter>
    </ClInclude>
    <ClInclude Include="DXDevice.h">
      <Filter>Device</Filter>
    </ClInclude>
    <ClInclude Include="RenderTarget.h">
      <Filter>RenderTarget</Filter>
    </ClInclude>
  </ItemGroup>
  <ItemGroup>
    <Filter Include="Interface">
      <UniqueIdentifier>{af9d2256-278e-4ed2-ae7c-f643c8e6489a}</UniqueIdentifier>
    </Filter>
    <Filter Include="Renderer">
      <UniqueIdentifier>{e3386941-9580-4793-b439-6ec089c3d634}</UniqueIdentifier>
    </Filter>
    <Filter Include="Shader">
      <UniqueIdentifier>{fe185262-9c61-4a8f-8577-b9a58cfab2ca}</UniqueIdentifier>
    </Filter>
    <Filter Include="Device">
      <UniqueIdentifier>{b169ba46-01f7-43f7-8d47-57c5cd95b5bc}</UniqueIdentifier>
    </Filter>
    <Filter Include="RenderTarget">
      <UniqueIdentifier>{2e3b61d0-0d39-4d00-99cb-b90bec96e533}</UniqueIdentifier>
    </Filter>
  </ItemGroup>
  <ItemGroup>
    <ClCompile Include="DXRenderer.cpp">
      <Filter>Renderer</Filter>
    </ClCompile>
    <ClCompile Include="DXDevice.cpp">
      <Filter>Device</Filter>
    </ClCompile>
    <ClCompile Include="RenderTarget.cpp">
      <Filter>RenderTarget</Filter>
    </ClCompile>
  </ItemGroup>
  <ItemGroup>
    <FxCompile Include="color_ps.hlsl">
      <Filter>Shader</Filter>
    </FxCompile>
    <FxCompile Include="color_vs.hlsl">
      <Filter>Shader</Filter>
    </FxCompile>
    <FxCompile Include="texture_vs.hlsl">
      <Filter>Shader</Filter>
    </FxCompile>
    <FxCompile Include="texture_ps.hlsl">
      <Filter>Shader</Filter>
    </FxCompile>
    <FxCompile Include="normal_texture_vs.hlsl">
      <Filter>Shader</Filter>
    </FxCompile>
    <FxCompile Include="normal_texture_ps.hlsl">
      <Filter>Shader</Filter>
    </FxCompile>
  </ItemGroup>
</Project>